
Microsoft Visual Studio Solution File, Format Version 12.00
# Visual Studio Version 16
VisualStudioVersion = 25.0.1706.9
MinimumVisualStudioVersion = 10.0.40219.1
Project("{FAE04EC0-301F-11D3-BF4B-00C04F79EFBC}") = "Nest_6.03", "Nest_6.03\Nest_6.03.csproj", "{283DAE2B-0B6B-495E-8983-77F25F53013E}"
EndProject
Global
	GlobalSection(SolutionConfigurationPlatforms) = preSolution
		Debug|Any CPU = Debug|Any CPU
		Release|Any CPU = Release|Any CPU
	EndGlobalSection
	GlobalSection(ProjectConfigurationPlatforms) = postSolution
		{283DAE2B-0B6B-495E-8983-77F25F53013E}.Debug|Any CPU.ActiveCfg = Debug|Any CPU
		{283DAE2B-0B6B-495E-8983-77F25F53013E}.Debug|Any CPU.Build.0 = Debug|Any CPU
		{283DAE2B-0B6B-495E-8983-77F25F53013E}.Release|Any CPU.ActiveCfg = Release|Any CPU
		{283DAE2B-0B6B-495E-8983-77F25F53013E}.Release|Any CPU.Build.0 = Release|Any CPU
	EndGlobalSection
	GlobalSection(SolutionProperties) = preSolution
		HideSolutionNode = FALSE
	EndGlobalSection
	GlobalSection(ExtensibilityGlobals) = postSolution
		SolutionGuid = {BCCC8D11-0267-4967-8CFC-93D59BBB744B}
	EndGlobalSection
EndGlobal
